// !$*UTF8*$!
{
	archiveVersion = 1;
	classes = {
	};
	objectVersion = 50;
	objects = {

/* Begin PBXBuildFile section */
		AAE8C9EC26E08A0B00BA33DB /* ToDoListApp.swift in Sources */ = {isa = PBXBuildFile; fileRef = AAE8C9EB26E08A0B00BA33DB /* ToDoListApp.swift */; };
		AAE8C9F026E08A1000BA33DB /* Assets.xcassets in Resources */ = {isa = PBXBuildFile; fileRef = AAE8C9EF26E08A1000BA33DB /* Assets.xcassets */; };
		AAE8C9F326E08A1000BA33DB /* Preview Assets.xcassets in Resources */ = {isa = PBXBuildFile; fileRef = AAE8C9F226E08A1000BA33DB /* Preview Assets.xcassets */; };
		AAE8C9FC26E08A9E00BA33DB /* ListView.swift in Sources */ = {isa = PBXBuildFile; fileRef = AAE8C9FB26E08A9E00BA33DB /* ListView.swift */; };
		AAE8C9FE26E0BD5F00BA33DB /* ListRowView.swift in Sources */ = {isa = PBXBuildFile; fileRef = AAE8C9FD26E0BD5F00BA33DB /* ListRowView.swift */; };
		AAE8CA0026E0C35B00BA33DB /* AddView.swift in Sources */ = {isa = PBXBuildFile; fileRef = AAE8C9FF26E0C35B00BA33DB /* AddView.swift */; };
		AAE8CA0326E0CFC600BA33DB /* ItemModel.swift in Sources */ = {isa = PBXBuildFile; fileRef = AAE8CA0226E0CFC600BA33DB /* ItemModel.swift */; };
/* End PBXBuildFile section */

/* Begin PBXFileReference section */
		AAE8C9E826E08A0B00BA33DB /* ToDoList.app */ = {isa = PBXFileReference; explicitFileType = wrapper.application; includeInIndex = 0; path = ToDoList.app; sourceTree = BUILT_PRODUCTS_DIR; };
		AAE8C9EB26E08A0B00BA33DB /* ToDoListApp.swift */ = {isa = PBXFileReference; lastKnownFileType = sourcecode.swift; path = ToDoListApp.swift; sourceTree = "<group>"; };
		AAE8C9EF26E08A1000BA33DB /* Assets.xcassets */ = {isa = PBXFileReference; lastKnownFileType = folder.assetcatalog; path = Assets.xcassets; sourceTree = "<group>"; };
		AAE8C9F226E08A1000BA33DB /* Preview Assets.xcassets */ = {isa = PBXFileReference; lastKnownFileType = folder.assetcatalog; path = "Preview Assets.xcassets"; sourceTree = "<group>"; };
		AAE8C9F426E08A1000BA33DB /* Info.plist */ = {isa = PBXFileReference; lastKnownFileType = text.plist.xml; path = Info.plist; sourceTree = "<group>"; };
		AAE8C9FB26E08A9E00BA33DB /* ListView.swift */ = {isa = PBXFileReference; lastKnownFileType = sourcecode.swift; path = ListView.swift; sourceTree = "<group>"; };
		AAE8C9FD26E0BD5F00BA33DB /* ListRowView.swift */ = {isa = PBXFileReference; lastKnownFileType = sourcecode.swift; path = ListRowView.swift; sourceTree = "<group>"; };
		AAE8C9FF26E0C35B00BA33DB /* AddView.swift */ = {isa = PBXFileReference; lastKnownFileType = sourcecode.swift; path = AddView.swift; sourceTree = "<group>"; };
		AAE8CA0226E0CFC600BA33DB /* ItemModel.swift */ = {isa = PBXFileReference; lastKnownFileType = sourcecode.swift; path = ItemModel.swift; sourceTree = "<group>"; };
/* End PBXFileReference section */

/* Begin PBXFrameworksBuildPhase section */
		AAE8C9E526E08A0B00BA33DB /* Frameworks */ = {
			isa = PBXFrameworksBuildPhase;
			buildActionMask = 2147483647;
			files = (
			);
			runOnlyForDeploymentPostprocessing = 0;
		};
/* End PBXFrameworksBuildPhase section */

/* Begin PBXGroup section */
		AAE8C9DF26E08A0B00BA33DB = {
			isa = PBXGroup;
			children = (
				AAE8C9EA26E08A0B00BA33DB /* ToDoList */,
				AAE8C9E926E08A0B00BA33DB /* Products */,
			);
			sourceTree = "<group>";
		};
		AAE8C9E926E08A0B00BA33DB /* Products */ = {
			isa = PBXGroup;
			children = (
				AAE8C9E826E08A0B00BA33DB /* ToDoList.app */,
			);
			name = Products;
			sourceTree = "<group>";
		};
		AAE8C9EA26E08A0B00BA33DB /* ToDoList */ = {
			isa = PBXGroup;
			children = (
				AAE8CA0126E0CF8900BA33DB /* Models */,
				AAE8C9FA26E08A4400BA33DB /* Views */,
				AAE8C9EB26E08A0B00BA33DB /* ToDoListApp.swift */,
				AAE8C9EF26E08A1000BA33DB /* Assets.xcassets */,
				AAE8C9F426E08A1000BA33DB /* Info.plist */,
				AAE8C9F126E08A1000BA33DB /* Preview Content */,
			);
			path = ToDoList;
			sourceTree = "<group>";
		};
		AAE8C9F126E08A1000BA33DB /* Preview Content */ = {
			isa = PBXGroup;
			children = (
				AAE8C9F226E08A1000BA33DB /* Preview Assets.xcassets */,
			);
			path = "Preview Content";
			sourceTree = "<group>";
		};
		AAE8C9FA26E08A4400BA33DB /* Views */ = {
			isa = PBXGroup;
			children = (
				AAE8C9FB26E08A9E00BA33DB /* ListView.swift */,
				AAE8C9FD26E0BD5F00BA33DB /* ListRowView.swift */,
				AAE8C9FF26E0C35B00BA33DB /* AddView.swift */,
			);
			path = Views;
			sourceTree = "<group>";
		};
		AAE8CA0126E0CF8900BA33DB /* Models */ = {
			isa = PBXGroup;
			children = (
				AAE8CA0226E0CFC600BA33DB /* ItemModel.swift */,
			);
			path = Models;
			sourceTree = "<group>";
		};
/* End PBXGroup section */

/* Begin PBXNativeTarget section */
		AAE8C9E726E08A0B00BA33DB /* ToDoList */ = {
			isa = PBXNativeTarget;
			buildConfigurationList = AAE8C9F726E08A1000BA33DB /* Build configuration list for PBXNativeTarget "ToDoList" */;
			buildPhases = (
				AAE8C9E426E08A0B00BA33DB /* Sources */,
				AAE8C9E526E08A0B00BA33DB /* Frameworks */,
				AAE8C9E626E08A0B00BA33DB /* Resources */,
			);
			buildRules = (
			);
			dependencies = (
			);
			name = ToDoList;
			productName = ToDoList;
			productReference = AAE8C9E826E08A0B00BA33DB /* ToDoList.app */;
			productType = "com.apple.product-type.application";
		};
/* End PBXNativeTarget section */

/* Begin PBXProject section */
		AAE8C9E026E08A0B00BA33DB /* Project object */ = {
			isa = PBXProject;
			attributes = {
				LastSwiftUpdateCheck = 1250;
				LastUpgradeCheck = 1250;
				TargetAttributes = {
					AAE8C9E726E08A0B00BA33DB = {
						CreatedOnToolsVersion = 12.5.1;
					};
				};
			};
			buildConfigurationList = AAE8C9E326E08A0B00BA33DB /* Build configuration list for PBXProject "ToDoList" */;
			compatibilityVersion = "Xcode 9.3";
			developmentRegion = en;
			hasScannedForEncodings = 0;
			knownRegions = (
				en,
				Base,
			);
			mainGroup = AAE8C9DF26E08A0B00BA33DB;
			productRefGroup = AAE8C9E926E08A0B00BA33DB /* Products */;
			projectDirPath = "";
			projectRoot = "";
			targets = (
				AAE8C9E726E08A0B00BA33DB /* ToDoList */,
			);
		};
/* End PBXProject section */

/* Begin PBXResourcesBuildPhase section */
		AAE8C9E626E08A0B00BA33DB /* Resources */ = {
			isa = PBXResourcesBuildPhase;
			buildActionMask = 2147483647;
			files = (
				AAE8C9F326E08A1000BA33DB /* Preview Assets.xcassets in Resources */,
				AAE8C9F026E08A1000BA33DB /* Assets.xcassets in Resources */,
			);
			runOnlyForDeploymentPostprocessing = 0;
		};
/* End PBXResourcesBuildPhase section */

/* Begin PBXSourcesBuildPhase section */
		AAE8C9E426E08A0B00BA33DB /* Sources */ = {
			isa = PBXSourcesBuildPhase;
			buildActionMask = 2147483647;
			files = (
				AAE8CA0326E0CFC600BA33DB /* ItemModel.swift in Sources */,
				AAE8CA0026E0C35B00BA33DB /* AddView.swift in Sources */,
				AAE8C9EC26E08A0B00BA33DB /* ToDoListApp.swift in Sources */,
				AAE8C9FC26E08A9E00BA33DB /* ListView.swift in Sources */,
				AAE8C9FE26E0BD5F00BA33DB /* ListRowView.swift in Sources */,
			);
			runOnlyForDeploymentPostprocessing = 0;
		};
/* End PBXSourcesBuildPhase section */

/* Begin XCBuildConfiguration section */
		AAE8C9F526E08A1000BA33DB /* Debug */ = {
			isa = XCBuildConfiguration;
			buildSettings = {
				ALWAYS_SEARCH_USER_PATHS = NO;
				CLANG_ANALYZER_NONNULL = YES;
				CLANG_ANALYZER_NUMBER_OBJECT_CONVERSION = YES_AGGRESSIVE;
				CLANG_CXX_LANGUAGE_STANDARD = "gnu++14";
				CLANG_CXX_LIBRARY = "libc++";
				CLANG_ENABLE_MODULES = YES;
				CLANG_ENABLE_OBJC_ARC = YES;
				CLANG_ENABLE_OBJC_WEAK = YES;
				CLANG_WARN_BLOCK_CAPTURE_AUTORELEASING = YES;
				CLANG_WARN_BOOL_CONVERSION = YES;
				CLANG_WARN_COMMA = YES;
				CLANG_WARN_CONSTANT_CONVERSION = YES;
				CLANG_WARN_DEPRECATED_OBJC_IMPLEMENTATIONS = YES;
				CLANG_WARN_DIRECT_OBJC_ISA_USAGE = YES_ERROR;
				CLANG_WARN_DOCUMENTATION_COMMENTS = YES;
				CLANG_WARN_EMPTY_BODY = YES;
				CLANG_WARN_ENUM_CONVERSION = YES;
				CLANG_WARN_INFINITE_RECURSION = YES;
				CLANG_WARN_INT_CONVERSION = YES;
				CLANG_WARN_NON_LITERAL_NULL_CONVERSION = YES;
				CLANG_WARN_OBJC_IMPLICIT_RETAIN_SELF = YES;
				CLANG_WARN_OBJC_LITERAL_CONVERSION = YES;
				CLANG_WARN_OBJC_ROOT_CLASS = YES_ERROR;
				CLANG_WARN_QUOTED_INCLUDE_IN_FRAMEWORK_HEADER = YES;
				CLANG_WARN_RANGE_LOOP_ANALYSIS = YES;
				CLANG_WARN_STRICT_PROTOTYPES = YES;
				CLANG_WARN_SUSPICIOUS_MOVE = YES;
				CLANG_WARN_UNGUARDED_AVAILABILITY = YES_AGGRESSIVE;
				CLANG_WARN_UNREACHABLE_CODE = YES;
				CLANG_WARN__DUPLICATE_METHOD_MATCH = YES;
				COPY_PHASE_STRIP = NO;
				DEBUG_INFORMATION_FORMAT = dwarf;
				ENABLE_STRICT_OBJC_MSGSEND = YES;
				ENABLE_TESTABILITY = YES;
				GCC_C_LANGUAGE_STANDARD = gnu11;
				GCC_DYNAMIC_NO_PIC = NO;
				GCC_NO_COMMON_BLOCKS = YES;
				GCC_OPTIMIZATION_LEVEL = 0;
				GCC_PREPROCESSOR_DEFINITIONS = (
					"DEBUG=1",
					"$(inherited)",
				);
				GCC_WARN_64_TO_32_BIT_CONVERSION = YES;
				GCC_WARN_ABOUT_RETURN_TYPE = YES_ERROR;
				GCC_WARN_UNDECLARED_SELECTOR = YES;
				GCC_WARN_UNINITIALIZED_AUTOS = YES_AGGRESSIVE;
				GCC_WARN_UNUSED_FUNCTION = YES;
				GCC_WARN_UNUSED_VARIABLE = YES;
				IPHONEOS_DEPLOYMENT_TARGET = 14.5;
				MTL_ENABLE_DEBUG_INFO = INCLUDE_SOURCE;
				MTL_FAST_MATH = YES;
				ONLY_ACTIVE_ARCH = YES;
				SDKROOT = iphoneos;
				SWIFT_ACTIVE_COMPILATION_CONDITIONS = DEBUG;
				SWIFT_OPTIMIZATION_LEVEL = "-Onone";
			};
			name = Debug;
		};
		AAE8C9F626E08A1000BA33DB /* Release */ = {
			isa = XCBuildConfiguration;
			buildSettings = {
				ALWAYS_SEARCH_USER_PATHS = NO;
				CLANG_ANALYZER_NONNULL = YES;
				CLANG_ANALYZER_NUMBER_OBJECT_CONVERSION = YES_AGGRESSIVE;
				CLANG_CXX_LANGUAGE_STANDARD = "gnu++14";
				CLANG_CXX_LIBRARY = "libc++";
				CLANG_ENABLE_MODULES = YES;
				CLANG_ENABLE_OBJC_ARC = YES;
				CLANG_ENABLE_OBJC_WEAK = YES;
				CLANG_WARN_BLOCK_CAPTURE_AUTORELEASING = YES;
				CLANG_WARN_BOOL_CONVERSION = YES;
				CLANG_WARN_COMMA = YES;
				CLANG_WARN_CONSTANT_CONVERSION = YES;
				CLANG_WARN_DEPRECATED_OBJC_IMPLEMENTATIONS = YES;
				CLANG_WARN_DIRECT_OBJC_ISA_USAGE = YES_ERROR;
				CLANG_WARN_DOCUMENTATION_COMMENTS = YES;
				CLANG_WARN_EMPTY_BODY = YES;
				CLANG_WARN_ENUM_CONVERSION = YES;
				CLANG_WARN_INFINITE_RECURSION = YES;
				CLANG_WARN_INT_CONVERSION = YES;
				CLANG_WARN_NON_LITERAL_NULL_CONVERSION = YES;
				CLANG_WARN_OBJC_IMPLICIT_RETAIN_SELF = YES;
				CLANG_WARN_OBJC_LITERAL_CONVERSION = YES;
				CLANG_WARN_OBJC_ROOT_CLASS = YES_ERROR;
				CLANG_WARN_QUOTED_INCLUDE_IN_FRAMEWORK_HEADER = YES;
				CLANG_WARN_RANGE_LOOP_ANALYSIS = YES;
				CLANG_WARN_STRICT_PROTOTYPES = YES;
				CLANG_WARN_SUSPICIOUS_MOVE = YES;
				CLANG_WARN_UNGUARDED_AVAILABILITY = YES_AGGRESSIVE;
				CLANG_WARN_UNREACHABLE_CODE = YES;
				CLANG_WARN__DUPLICATE_METHOD_MATCH = YES;
				COPY_PHASE_STRIP = NO;
				DEBUG_INFORMATION_FORMAT = "dwarf-with-dsym";
				ENABLE_NS_ASSERTIONS = NO;
				ENABLE_STRICT_OBJC_MSGSEND = YES;
				GCC_C_LANGUAGE_STANDARD = gnu11;
				GCC_NO_COMMON_BLOCKS = YES;
				GCC_WARN_64_TO_32_BIT_CONVERSION = YES;
				GCC_WARN_ABOUT_RETURN_TYPE = YES_ERROR;
				GCC_WARN_UNDECLARED_SELECTOR = YES;
				GCC_WARN_UNINITIALIZED_AUTOS = YES_AGGRESSIVE;
				GCC_WARN_UNUSED_FUNCTION = YES;
				GCC_WARN_UNUSED_VARIABLE = YES;
				IPHONEOS_DEPLOYMENT_TARGET = 14.5;
				MTL_ENABLE_DEBUG_INFO = NO;
				MTL_FAST_MATH = YES;
				SDKROOT = iphoneos;
				SWIFT_COMPILATION_MODE = wholemodule;
				SWIFT_OPTIMIZATION_LEVEL = "-O";
				VALIDATE_PRODUCT = YES;
			};
			name = Release;
		};
		AAE8C9F826E08A1000BA33DB /* Debug */ = {
			isa = XCBuildConfiguration;
			buildSettings = {
				ASSETCATALOG_COMPILER_APPICON_NAME = AppIcon;
				ASSETCATALOG_COMPILER_GLOBAL_ACCENT_COLOR_NAME = AccentColor;
				CODE_SIGN_STYLE = Automatic;
				DEVELOPMENT_ASSET_PATHS = "\"ToDoList/Preview Content\"";
				DEVELOPMENT_TEAM = 9S2A7HQWQG;
				ENABLE_PREVIEWS = YES;
				INFOPLIST_FILE = ToDoList/Info.plist;
				IPHONEOS_DEPLOYMENT_TARGET = 14.0;
				LD_RUNPATH_SEARCH_PATHS = (
					"$(inherited)",
					"@executable_path/Frameworks",
				);
				PRODUCT_BUNDLE_IDENTIFIER = com.codewithgerms.ToDoList;
				PRODUCT_NAME = "$(TARGET_NAME)";
				SWIFT_VERSION = 5.0;
				TARGETED_DEVICE_FAMILY = "1,2";
			};
			name = Debug;
		};
		AAE8C9F926E08A1000BA33DB /* Release */ = {
			isa = XCBuildConfiguration;
			buildSettings = {
				ASSETCATALOG_COMPILER_APPICON_NAME = AppIcon;
				ASSETCATALOG_COMPILER_GLOBAL_ACCENT_COLOR_NAME = AccentColor;
				CODE_SIGN_STYLE = Automatic;
				DEVELOPMENT_ASSET_PATHS = "\"ToDoList/Preview Content\"";
				DEVELOPMENT_TEAM = 9S2A7HQWQG;
				ENABLE_PREVIEWS = YES;
				INFOPLIST_FILE = ToDoList/Info.plist;
				IPHONEOS_DEPLOYMENT_TARGET = 14.0;
				LD_RUNPATH_SEARCH_PATHS = (
					"$(inherited)",
					"@executable_path/Frameworks",
				);
				PRODUCT_BUNDLE_IDENTIFIER = com.codewithgerms.ToDoList;
				PRODUCT_NAME = "$(TARGET_NAME)";
				SWIFT_VERSION = 5.0;
				TARGETED_DEVICE_FAMILY = "1,2";
			};
			name = Release;
		};
/* End XCBuildConfiguration section */

/* Begin XCConfigurationList section */
		AAE8C9E326E08A0B00BA33DB /* Build configuration list for PBXProject "ToDoList" */ = {
			isa = XCConfigurationList;
			buildConfigurations = (
				AAE8C9F526E08A1000BA33DB /* Debug */,
				AAE8C9F626E08A1000BA33DB /* Release */,
			);
			defaultConfigurationIsVisible = 0;
			defaultConfigurationName = Release;
		};
		AAE8C9F726E08A1000BA33DB /* Build configuration list for PBXNativeTarget "ToDoList" */ = {
			isa = XCConfigurationList;
			buildConfigurations = (
				AAE8C9F826E08A1000BA33DB /* Debug */,
				AAE8C9F926E08A1000BA33DB /* Release */,
			);
			defaultConfigurationIsVisible = 0;
			defaultConfigurationName = Release;
		};
/* End XCConfigurationList section */
	};
	rootObject = AAE8C9E026E08A0B00BA33DB /* Project object */;
}
